
Microsoft Visual Studio Solution File, Format Version 12.00
# Visual Studio Version 16
VisualStudioVersion = 16.0.31205.134
MinimumVisualStudioVersion = 10.0.40219.1
Project("{FAE04EC0-301F-11D3-BF4B-00C04F79EFBC}") = "AsyncDemo", "AsyncDemo\AsyncDemo.csproj", "{70E469A8-01A3-4D10-8A99-CE13A485B619}"
EndProject
Global
	GlobalSection(SolutionConfigurationPlatforms) = preSolution
		Debug|Any CPU = Debug|Any CPU
		Release|Any CPU = Release|Any CPU
	EndGlobalSection
	GlobalSection(ProjectConfigurationPlatforms) = postSolution
		{70E469A8-01A3-4D10-8A99-CE13A485B619}.Debug|Any CPU.ActiveCfg = Debug|Any CPU
		{70E469A8-01A3-4D10-8A99-CE13A485B619}.Debug|Any CPU.Build.0 = Debug|Any CPU
		{70E469A8-01A3-4D10-8A99-CE13A485B619}.Release|Any CPU.ActiveCfg = Release|Any CPU
		{70E469A8-01A3-4D10-8A99-CE13A485B619}.Release|Any CPU.Build.0 = Release|Any CPU
	EndGlobalSection
	GlobalSection(SolutionProperties) = preSolution
		HideSolutionNode = FALSE
	EndGlobalSection
	GlobalSection(ExtensibilityGlobals) = postSolution
		SolutionGuid = {EF749B4D-E61F-4216-82AE-CB8ABF7B3CD4}
	EndGlobalSection
EndGlobal
