
Microsoft Visual Studio Solution File, Format Version 12.00
# Visual Studio Version 16
VisualStudioVersion = 16.0.31402.337
MinimumVisualStudioVersion = 10.0.40219.1
Project("{FAE04EC0-301F-11D3-BF4B-00C04F79EFBC}") = "DependencyInversion", "DependencyInversion\DependencyInversion.csproj", "{752A6E4A-CED2-4E39-ABEF-FFF084927368}"
EndProject
Global
	GlobalSection(SolutionConfigurationPlatforms) = preSolution
		Debug|Any CPU = Debug|Any CPU
		Release|Any CPU = Release|Any CPU
	EndGlobalSection
	GlobalSection(ProjectConfigurationPlatforms) = postSolution
		{752A6E4A-CED2-4E39-ABEF-FFF084927368}.Debug|Any CPU.ActiveCfg = Debug|Any CPU
		{752A6E4A-CED2-4E39-ABEF-FFF084927368}.Debug|Any CPU.Build.0 = Debug|Any CPU
		{752A6E4A-CED2-4E39-ABEF-FFF084927368}.Release|Any CPU.ActiveCfg = Release|Any CPU
		{752A6E4A-CED2-4E39-ABEF-FFF084927368}.Release|Any CPU.Build.0 = Release|Any CPU
	EndGlobalSection
	GlobalSection(SolutionProperties) = preSolution
		HideSolutionNode = FALSE
	EndGlobalSection
	GlobalSection(ExtensibilityGlobals) = postSolution
		SolutionGuid = {891116FF-1E54-475B-BE26-8CB80A0E34A0}
	EndGlobalSection
EndGlobal
