
Microsoft Visual Studio Solution File, Format Version 12.00
# Visual Studio Version 16
VisualStudioVersion = 16.0.31402.337
MinimumVisualStudioVersion = 10.0.40219.1
Project("{FAE04EC0-301F-11D3-BF4B-00C04F79EFBC}") = "Design_Factory", "Design_Factory\Design_Factory.csproj", "{47EF49CA-D6E3-4090-A07E-832F80F2C54E}"
EndProject
Global
	GlobalSection(SolutionConfigurationPlatforms) = preSolution
		Debug|Any CPU = Debug|Any CPU
		Release|Any CPU = Release|Any CPU
	EndGlobalSection
	GlobalSection(ProjectConfigurationPlatforms) = postSolution
		{47EF49CA-D6E3-4090-A07E-832F80F2C54E}.Debug|Any CPU.ActiveCfg = Debug|Any CPU
		{47EF49CA-D6E3-4090-A07E-832F80F2C54E}.Debug|Any CPU.Build.0 = Debug|Any CPU
		{47EF49CA-D6E3-4090-A07E-832F80F2C54E}.Release|Any CPU.ActiveCfg = Release|Any CPU
		{47EF49CA-D6E3-4090-A07E-832F80F2C54E}.Release|Any CPU.Build.0 = Release|Any CPU
	EndGlobalSection
	GlobalSection(SolutionProperties) = preSolution
		HideSolutionNode = FALSE
	EndGlobalSection
	GlobalSection(ExtensibilityGlobals) = postSolution
		SolutionGuid = {3408AEEF-00E1-490B-9825-3900CF07504F}
	EndGlobalSection
EndGlobal
