
Microsoft Visual Studio Solution File, Format Version 12.00
# Visual Studio Version 16
VisualStudioVersion = 16.0.31402.337
MinimumVisualStudioVersion = 10.0.40219.1
Project("{FAE04EC0-301F-11D3-BF4B-00C04F79EFBC}") = "Readonnly_Const", "Readonnly_Const\Readonnly_Const.csproj", "{7838383B-949D-4881-ADD5-782C826E1F11}"
EndProject
Global
	GlobalSection(SolutionConfigurationPlatforms) = preSolution
		Debug|Any CPU = Debug|Any CPU
		Release|Any CPU = Release|Any CPU
	EndGlobalSection
	GlobalSection(ProjectConfigurationPlatforms) = postSolution
		{7838383B-949D-4881-ADD5-782C826E1F11}.Debug|Any CPU.ActiveCfg = Debug|Any CPU
		{7838383B-949D-4881-ADD5-782C826E1F11}.Debug|Any CPU.Build.0 = Debug|Any CPU
		{7838383B-949D-4881-ADD5-782C826E1F11}.Release|Any CPU.ActiveCfg = Release|Any CPU
		{7838383B-949D-4881-ADD5-782C826E1F11}.Release|Any CPU.Build.0 = Release|Any CPU
	EndGlobalSection
	GlobalSection(SolutionProperties) = preSolution
		HideSolutionNode = FALSE
	EndGlobalSection
	GlobalSection(ExtensibilityGlobals) = postSolution
		SolutionGuid = {EF8DCE3F-5F3D-4045-BCD0-5213E78862B4}
	EndGlobalSection
EndGlobal
